{
  "name": "dj-src",
  "lockfileVersion": 3,
  "requires": true,
  "packages": {
    "": {
      "dependencies": {
        "spotify": "^0.3.0"
      }
    },
    "node_modules/spotify": {
      "version": "0.3.0",
      "resolved": "https://registry.npmjs.org/spotify/-/spotify-0.3.0.tgz",
      "integrity": "sha512-VxV3NmzJgpFTpvveLcqJwo6m0DH15ISqJmzG5ioCvndEdkRWYvHQ3EgDXH+aZCqT+rNbLHSy677FGcikJ2tCJw==",
      "engines": {
        "node": ">= 0.4.0"
      }
    }
  }
}
